{
	"requires": true,
	"lockfileVersion": 1,
	"dependencies": {
		"convict": {
			"version": "3.0.0",
			"resolved": "https://registry.npmjs.org/convict/-/convict-3.0.0.tgz",
			"integrity": "sha1-JZ8wv7h+4JRIYEhiA1GdRntNUbU=",
			"requires": {
				"depd": "1.1.0",
				"json5": "0.5.1",
				"lodash.clonedeep": "4.5.0",
				"minimist": "1.2.0",
				"moment": "2.17.1",
				"validator": "7.0.0",
				"varify": "0.2.0"
			},
			"dependencies": {
				"depd": {
					"version": "1.1.0",
					"resolved": "https://registry.npmjs.org/depd/-/depd-1.1.0.tgz",
					"integrity": "sha1-4b2Cxqq2ztlluXuIsX7T5SjKGMM="
				},
				"json5": {
					"version": "0.5.1",
					"resolved": "https://registry.npmjs.org/json5/-/json5-0.5.1.tgz",
					"integrity": "sha1-Hq3nrMASA0rYTiOWdn6tn6VJWCE="
				},
				"lodash.clonedeep": {
					"version": "4.5.0",
					"resolved": "https://registry.npmjs.org/lodash.clonedeep/-/lodash.clonedeep-4.5.0.tgz",
					"integrity": "sha1-4j8/nE+Pvd6HJSnBBxhXoIblzO8="
				},
				"minimist": {
					"version": "1.2.0",
					"resolved": "https://registry.npmjs.org/minimist/-/minimist-1.2.0.tgz",
					"integrity": "sha1-o1AIsg9BOD7sH7kU9M1d95omQoQ="
				},
				"moment": {
					"version": "2.17.1",
					"resolved": "https://registry.npmjs.org/moment/-/moment-2.17.1.tgz",
					"integrity": "sha1-/tlQYGPzaxDwZsi1mhRNf66+HYI="
				},
				"validator": {
					"version": "7.0.0",
					"resolved": "https://registry.npmjs.org/validator/-/validator-7.0.0.tgz",
					"integrity": "sha1-x03rgGNRL6w1VHk45vCxUEooL9I="
				},
				"varify": {
					"version": "0.2.0",
					"resolved": "https://registry.npmjs.org/varify/-/varify-0.2.0.tgz",
					"integrity": "sha1-GR2p/p3EzWjQ0USY1OKpEP9OZRY=",
					"optional": true,
					"requires": {
						"redeyed": "~1.0.1",
						"through": "~2.3.4"
					},
					"dependencies": {
						"redeyed": {
							"version": "1.0.1",
							"resolved": "https://registry.npmjs.org/redeyed/-/redeyed-1.0.1.tgz",
							"integrity": "sha1-6WwZO0DAgWsArshCaY5hGF5VSYo=",
							"optional": true,
							"requires": {
								"esprima": "~3.0.0"
							},
							"dependencies": {
								"esprima": {
									"version": "3.0.0",
									"resolved": "https://registry.npmjs.org/esprima/-/esprima-3.0.0.tgz",
									"integrity": "sha1-U88kes2ncxPlUcOqLnM0LT+099k=",
									"optional": true
								}
							}
						},
						"through": {
							"version": "2.3.8",
							"resolved": "https://registry.npmjs.org/through/-/through-2.3.8.tgz",
							"integrity": "sha1-DdTJ/6q8NXlgsbckEV1+Doai4fU=",
							"optional": true
						}
					}
				}
			}
		}
	}
}
